// !$*UTF8*$!
{
	archiveVersion = 1;
	classes = {
	};
	objectVersion = 50;
	objects = {

/* Begin PBXBuildFile section */
		E13E66BA20F43C6D004852A3 /* AppDelegate.m in Sources */ = {isa = PBXBuildFile; fileRef = E13E66B920F43C6D004852A3 /* AppDelegate.m */; };
		E13E66C020F43C6D004852A3 /* Main.storyboard in Resources */ = {isa = PBXBuildFile; fileRef = E13E66BE20F43C6D004852A3 /* Main.storyboard */; };
		E13E66C220F43C6F004852A3 /* Assets.xcassets in Resources */ = {isa = PBXBuildFile; fileRef = E13E66C120F43C6F004852A3 /* Assets.xcassets */; };
		E13E66C520F43C6F004852A3 /* LaunchScreen.storyboard in Resources */ = {isa = PBXBuildFile; fileRef = E13E66C320F43C6F004852A3 /* LaunchScreen.storyboard */; };
		E13E66C820F43C6F004852A3 /* main.m in Sources */ = {isa = PBXBuildFile; fileRef = E13E66C720F43C6F004852A3 /* main.m */; };
		E13E66D220F43D2B004852A3 /* SDBezierPath.m in Sources */ = {isa = PBXBuildFile; fileRef = E13E66CF20F43D2B004852A3 /* SDBezierPath.m */; };
		E13E66D320F43D2B004852A3 /* SDDrawView.m in Sources */ = {isa = PBXBuildFile; fileRef = E13E66D120F43D2B004852A3 /* SDDrawView.m */; };
		E1E81DEB20F6FCE900C22ACE /* UIImage+Color.m in Sources */ = {isa = PBXBuildFile; fileRef = E1E81DE920F6FCE900C22ACE /* UIImage+Color.m */; };
		E1E81DEE20F7138900C22ACE /* DrawViewController.m in Sources */ = {isa = PBXBuildFile; fileRef = E1E81DED20F7138900C22ACE /* DrawViewController.m */; };
/* End PBXBuildFile section */

/* Begin PBXFileReference section */
		E13E66B520F43C6D004852A3 /* SDDrawingBoard.app */ = {isa = PBXFileReference; explicitFileType = wrapper.application; includeInIndex = 0; path = SDDrawingBoard.app; sourceTree = BUILT_PRODUCTS_DIR; };
		E13E66B820F43C6D004852A3 /* AppDelegate.h */ = {isa = PBXFileReference; lastKnownFileType = sourcecode.c.h; path = AppDelegate.h; sourceTree = "<group>"; };
		E13E66B920F43C6D004852A3 /* AppDelegate.m */ = {isa = PBXFileReference; lastKnownFileType = sourcecode.c.objc; path = AppDelegate.m; sourceTree = "<group>"; };
		E13E66BF20F43C6D004852A3 /* Base */ = {isa = PBXFileReference; lastKnownFileType = file.storyboard; name = Base; path = Base.lproj/Main.storyboard; sourceTree = "<group>"; };
		E13E66C120F43C6F004852A3 /* Assets.xcassets */ = {isa = PBXFileReference; lastKnownFileType = folder.assetcatalog; path = Assets.xcassets; sourceTree = "<group>"; };
		E13E66C420F43C6F004852A3 /* Base */ = {isa = PBXFileReference; lastKnownFileType = file.storyboard; name = Base; path = Base.lproj/LaunchScreen.storyboard; sourceTree = "<group>"; };
		E13E66C620F43C6F004852A3 /* Info.plist */ = {isa = PBXFileReference; lastKnownFileType = text.plist.xml; path = Info.plist; sourceTree = "<group>"; };
		E13E66C720F43C6F004852A3 /* main.m */ = {isa = PBXFileReference; lastKnownFileType = sourcecode.c.objc; path = main.m; sourceTree = "<group>"; };
		E13E66CE20F43D2B004852A3 /* SDBezierPath.h */ = {isa = PBXFileReference; fileEncoding = 4; lastKnownFileType = sourcecode.c.h; path = SDBezierPath.h; sourceTree = "<group>"; };
		E13E66CF20F43D2B004852A3 /* SDBezierPath.m */ = {isa = PBXFileReference; fileEncoding = 4; lastKnownFileType = sourcecode.c.objc; path = SDBezierPath.m; sourceTree = "<group>"; };
		E13E66D020F43D2B004852A3 /* SDDrawView.h */ = {isa = PBXFileReference; fileEncoding = 4; lastKnownFileType = sourcecode.c.h; path = SDDrawView.h; sourceTree = "<group>"; };
		E13E66D120F43D2B004852A3 /* SDDrawView.m */ = {isa = PBXFileReference; fileEncoding = 4; lastKnownFileType = sourcecode.c.objc; path = SDDrawView.m; sourceTree = "<group>"; };
		E1E81DE920F6FCE900C22ACE /* UIImage+Color.m */ = {isa = PBXFileReference; fileEncoding = 4; lastKnownFileType = sourcecode.c.objc; path = "UIImage+Color.m"; sourceTree = "<group>"; };
		E1E81DEA20F6FCE900C22ACE /* UIImage+Color.h */ = {isa = PBXFileReference; fileEncoding = 4; lastKnownFileType = sourcecode.c.h; path = "UIImage+Color.h"; sourceTree = "<group>"; };
		E1E81DEC20F7138900C22ACE /* DrawViewController.h */ = {isa = PBXFileReference; lastKnownFileType = sourcecode.c.h; path = DrawViewController.h; sourceTree = "<group>"; };
		E1E81DED20F7138900C22ACE /* DrawViewController.m */ = {isa = PBXFileReference; lastKnownFileType = sourcecode.c.objc; path = DrawViewController.m; sourceTree = "<group>"; };
/* End PBXFileReference section */

/* Begin PBXFrameworksBuildPhase section */
		E13E66B220F43C6D004852A3 /* Frameworks */ = {
			isa = PBXFrameworksBuildPhase;
			buildActionMask = 2147483647;
			files = (
			);
			runOnlyForDeploymentPostprocessing = 0;
		};
/* End PBXFrameworksBuildPhase section */

/* Begin PBXGroup section */
		E13E66AC20F43C6D004852A3 = {
			isa = PBXGroup;
			children = (
				E13E66B720F43C6D004852A3 /* SDDrawingBoard */,
				E13E66B620F43C6D004852A3 /* Products */,
			);
			sourceTree = "<group>";
		};
		E13E66B620F43C6D004852A3 /* Products */ = {
			isa = PBXGroup;
			children = (
				E13E66B520F43C6D004852A3 /* SDDrawingBoard.app */,
			);
			name = Products;
			sourceTree = "<group>";
		};
		E13E66B720F43C6D004852A3 /* SDDrawingBoard */ = {
			isa = PBXGroup;
			children = (
				E13E66B820F43C6D004852A3 /* AppDelegate.h */,
				E13E66B920F43C6D004852A3 /* AppDelegate.m */,
				E1E81DEC20F7138900C22ACE /* DrawViewController.h */,
				E1E81DED20F7138900C22ACE /* DrawViewController.m */,
				E1E81DEA20F6FCE900C22ACE /* UIImage+Color.h */,
				E1E81DE920F6FCE900C22ACE /* UIImage+Color.m */,
				E13E66D420F43D4B004852A3 /* SDDrawView */,
				E13E66BE20F43C6D004852A3 /* Main.storyboard */,
				E13E66C120F43C6F004852A3 /* Assets.xcassets */,
				E13E66C320F43C6F004852A3 /* LaunchScreen.storyboard */,
				E13E66C620F43C6F004852A3 /* Info.plist */,
				E13E66C720F43C6F004852A3 /* main.m */,
			);
			path = SDDrawingBoard;
			sourceTree = "<group>";
		};
		E13E66D420F43D4B004852A3 /* SDDrawView */ = {
			isa = PBXGroup;
			children = (
				E13E66D020F43D2B004852A3 /* SDDrawView.h */,
				E13E66D120F43D2B004852A3 /* SDDrawView.m */,
				E13E66CE20F43D2B004852A3 /* SDBezierPath.h */,
				E13E66CF20F43D2B004852A3 /* SDBezierPath.m */,
			);
			path = SDDrawView;
			sourceTree = "<group>";
		};
/* End PBXGroup section */

/* Begin PBXNativeTarget section */
		E13E66B420F43C6D004852A3 /* SDDrawingBoard */ = {
			isa = PBXNativeTarget;
			buildConfigurationList = E13E66CB20F43C6F004852A3 /* Build configuration list for PBXNativeTarget "SDDrawingBoard" */;
			buildPhases = (
				E13E66B120F43C6D004852A3 /* Sources */,
				E13E66B220F43C6D004852A3 /* Frameworks */,
				E13E66B320F43C6D004852A3 /* Resources */,
			);
			buildRules = (
			);
			dependencies = (
			);
			name = SDDrawingBoard;
			productName = SDDrawingBoard;
			productReference = E13E66B520F43C6D004852A3 /* SDDrawingBoard.app */;
			productType = "com.apple.product-type.application";
		};
/* End PBXNativeTarget section */

/* Begin PBXProject section */
		E13E66AD20F43C6D004852A3 /* Project object */ = {
			isa = PBXProject;
			attributes = {
				LastUpgradeCheck = 0940;
				ORGANIZATIONNAME = Dong;
				TargetAttributes = {
					E13E66B420F43C6D004852A3 = {
						CreatedOnToolsVersion = 9.4.1;
					};
				};
			};
			buildConfigurationList = E13E66B020F43C6D004852A3 /* Build configuration list for PBXProject "SDDrawingBoard" */;
			compatibilityVersion = "Xcode 9.3";
			developmentRegion = en;
			hasScannedForEncodings = 0;
			knownRegions = (
				en,
				Base,
			);
			mainGroup = E13E66AC20F43C6D004852A3;
			productRefGroup = E13E66B620F43C6D004852A3 /* Products */;
			projectDirPath = "";
			projectRoot = "";
			targets = (
				E13E66B420F43C6D004852A3 /* SDDrawingBoard */,
			);
		};
/* End PBXProject section */

/* Begin PBXResourcesBuildPhase section */
		E13E66B320F43C6D004852A3 /* Resources */ = {
			isa = PBXResourcesBuildPhase;
			buildActionMask = 2147483647;
			files = (
				E13E66C520F43C6F004852A3 /* LaunchScreen.storyboard in Resources */,
				E13E66C220F43C6F004852A3 /* Assets.xcassets in Resources */,
				E13E66C020F43C6D004852A3 /* Main.storyboard in Resources */,
			);
			runOnlyForDeploymentPostprocessing = 0;
		};
/* End PBXResourcesBuildPhase section */

/* Begin PBXSourcesBuildPhase section */
		E13E66B120F43C6D004852A3 /* Sources */ = {
			isa = PBXSourcesBuildPhase;
			buildActionMask = 2147483647;
			files = (
				E13E66D320F43D2B004852A3 /* SDDrawView.m in Sources */,
				E1E81DEE20F7138900C22ACE /* DrawViewController.m in Sources */,
				E13E66C820F43C6F004852A3 /* main.m in Sources */,
				E1E81DEB20F6FCE900C22ACE /* UIImage+Color.m in Sources */,
				E13E66D220F43D2B004852A3 /* SDBezierPath.m in Sources */,
				E13E66BA20F43C6D004852A3 /* AppDelegate.m in Sources */,
			);
			runOnlyForDeploymentPostprocessing = 0;
		};
/* End PBXSourcesBuildPhase section */

/* Begin PBXVariantGroup section */
		E13E66BE20F43C6D004852A3 /* Main.storyboard */ = {
			isa = PBXVariantGroup;
			children = (
				E13E66BF20F43C6D004852A3 /* Base */,
			);
			name = Main.storyboard;
			sourceTree = "<group>";
		};
		E13E66C320F43C6F004852A3 /* LaunchScreen.storyboard */ = {
			isa = PBXVariantGroup;
			children = (
				E13E66C420F43C6F004852A3 /* Base */,
			);
			name = LaunchScreen.storyboard;
			sourceTree = "<group>";
		};
/* End PBXVariantGroup section */

/* Begin XCBuildConfiguration section */
		E13E66C920F43C6F004852A3 /* Debug */ = {
			isa = XCBuildConfiguration;
			buildSettings = {
				ALWAYS_SEARCH_USER_PATHS = NO;
				CLANG_ANALYZER_NONNULL = YES;
				CLANG_ANALYZER_NUMBER_OBJECT_CONVERSION = YES_AGGRESSIVE;
				CLANG_CXX_LANGUAGE_STANDARD = "gnu++14";
				CLANG_CXX_LIBRARY = "libc++";
				CLANG_ENABLE_MODULES = YES;
				CLANG_ENABLE_OBJC_ARC = YES;
				CLANG_ENABLE_OBJC_WEAK = YES;
				CLANG_WARN_BLOCK_CAPTURE_AUTORELEASING = YES;
				CLANG_WARN_BOOL_CONVERSION = YES;
				CLANG_WARN_COMMA = YES;
				CLANG_WARN_CONSTANT_CONVERSION = YES;
				CLANG_WARN_DEPRECATED_OBJC_IMPLEMENTATIONS = YES;
				CLANG_WARN_DIRECT_OBJC_ISA_USAGE = YES_ERROR;
				CLANG_WARN_DOCUMENTATION_COMMENTS = YES;
				CLANG_WARN_EMPTY_BODY = YES;
				CLANG_WARN_ENUM_CONVERSION = YES;
				CLANG_WARN_INFINITE_RECURSION = YES;
				CLANG_WARN_INT_CONVERSION = YES;
				CLANG_WARN_NON_LITERAL_NULL_CONVERSION = YES;
				CLANG_WARN_OBJC_IMPLICIT_RETAIN_SELF = YES;
				CLANG_WARN_OBJC_LITERAL_CONVERSION = YES;
				CLANG_WARN_OBJC_ROOT_CLASS = YES_ERROR;
				CLANG_WARN_RANGE_LOOP_ANALYSIS = YES;
				CLANG_WARN_STRICT_PROTOTYPES = YES;
				CLANG_WARN_SUSPICIOUS_MOVE = YES;
				CLANG_WARN_UNGUARDED_AVAILABILITY = YES_AGGRESSIVE;
				CLANG_WARN_UNREACHABLE_CODE = YES;
				CLANG_WARN__DUPLICATE_METHOD_MATCH = YES;
				CODE_SIGN_IDENTITY = "iPhone Developer";
				COPY_PHASE_STRIP = NO;
				DEBUG_INFORMATION_FORMAT = dwarf;
				ENABLE_STRICT_OBJC_MSGSEND = YES;
				ENABLE_TESTABILITY = YES;
				GCC_C_LANGUAGE_STANDARD = gnu11;
				GCC_DYNAMIC_NO_PIC = NO;
				GCC_NO_COMMON_BLOCKS = YES;
				GCC_OPTIMIZATION_LEVEL = 0;
				GCC_PREPROCESSOR_DEFINITIONS = (
					"DEBUG=1",
					"$(inherited)",
				);
				GCC_WARN_64_TO_32_BIT_CONVERSION = YES;
				GCC_WARN_ABOUT_RETURN_TYPE = YES_ERROR;
				GCC_WARN_UNDECLARED_SELECTOR = YES;
				GCC_WARN_UNINITIALIZED_AUTOS = YES_AGGRESSIVE;
				GCC_WARN_UNUSED_FUNCTION = YES;
				GCC_WARN_UNUSED_VARIABLE = YES;
				IPHONEOS_DEPLOYMENT_TARGET = 11.4;
				MTL_ENABLE_DEBUG_INFO = YES;
				ONLY_ACTIVE_ARCH = YES;
				SDKROOT = iphoneos;
			};
			name = Debug;
		};
		E13E66CA20F43C6F004852A3 /* Release */ = {
			isa = XCBuildConfiguration;
			buildSettings = {
				ALWAYS_SEARCH_USER_PATHS = NO;
				CLANG_ANALYZER_NONNULL = YES;
				CLANG_ANALYZER_NUMBER_OBJECT_CONVERSION = YES_AGGRESSIVE;
				CLANG_CXX_LANGUAGE_STANDARD = "gnu++14";
				CLANG_CXX_LIBRARY = "libc++";
				CLANG_ENABLE_MODULES = YES;
				CLANG_ENABLE_OBJC_ARC = YES;
				CLANG_ENABLE_OBJC_WEAK = YES;
				CLANG_WARN_BLOCK_CAPTURE_AUTORELEASING = YES;
				CLANG_WARN_BOOL_CONVERSION = YES;
				CLANG_WARN_COMMA = YES;
				CLANG_WARN_CONSTANT_CONVERSION = YES;
				CLANG_WARN_DEPRECATED_OBJC_IMPLEMENTATIONS = YES;
				CLANG_WARN_DIRECT_OBJC_ISA_USAGE = YES_ERROR;
				CLANG_WARN_DOCUMENTATION_COMMENTS = YES;
				CLANG_WARN_EMPTY_BODY = YES;
				CLANG_WARN_ENUM_CONVERSION = YES;
				CLANG_WARN_INFINITE_RECURSION = YES;
				CLANG_WARN_INT_CONVERSION = YES;
				CLANG_WARN_NON_LITERAL_NULL_CONVERSION = YES;
				CLANG_WARN_OBJC_IMPLICIT_RETAIN_SELF = YES;
				CLANG_WARN_OBJC_LITERAL_CONVERSION = YES;
				CLANG_WARN_OBJC_ROOT_CLASS = YES_ERROR;
				CLANG_WARN_RANGE_LOOP_ANALYSIS = YES;
				CLANG_WARN_STRICT_PROTOTYPES = YES;
				CLANG_WARN_SUSPICIOUS_MOVE = YES;
				CLANG_WARN_UNGUARDED_AVAILABILITY = YES_AGGRESSIVE;
				CLANG_WARN_UNREACHABLE_CODE = YES;
				CLANG_WARN__DUPLICATE_METHOD_MATCH = YES;
				CODE_SIGN_IDENTITY = "iPhone Developer";
				COPY_PHASE_STRIP = NO;
				DEBUG_INFORMATION_FORMAT = "dwarf-with-dsym";
				ENABLE_NS_ASSERTIONS = NO;
				ENABLE_STRICT_OBJC_MSGSEND = YES;
				GCC_C_LANGUAGE_STANDARD = gnu11;
				GCC_NO_COMMON_BLOCKS = YES;
				GCC_WARN_64_TO_32_BIT_CONVERSION = YES;
				GCC_WARN_ABOUT_RETURN_TYPE = YES_ERROR;
				GCC_WARN_UNDECLARED_SELECTOR = YES;
				GCC_WARN_UNINITIALIZED_AUTOS = YES_AGGRESSIVE;
				GCC_WARN_UNUSED_FUNCTION = YES;
				GCC_WARN_UNUSED_VARIABLE = YES;
				IPHONEOS_DEPLOYMENT_TARGET = 11.4;
				MTL_ENABLE_DEBUG_INFO = NO;
				SDKROOT = iphoneos;
				VALIDATE_PRODUCT = YES;
			};
			name = Release;
		};
		E13E66CC20F43C6F004852A3 /* Debug */ = {
			isa = XCBuildConfiguration;
			buildSettings = {
				ASSETCATALOG_COMPILER_APPICON_NAME = AppIcon;
				CODE_SIGN_STYLE = Automatic;
				DEVELOPMENT_TEAM = T83P3V4T3D;
				INFOPLIST_FILE = SDDrawingBoard/Info.plist;
				LD_RUNPATH_SEARCH_PATHS = (
					"$(inherited)",
					"@executable_path/Frameworks",
				);
				PRODUCT_BUNDLE_IDENTIFIER = com.dong.SDDrawingBoard;
				PRODUCT_NAME = "$(TARGET_NAME)";
				TARGETED_DEVICE_FAMILY = "1,2";
			};
			name = Debug;
		};
		E13E66CD20F43C6F004852A3 /* Release */ = {
			isa = XCBuildConfiguration;
			buildSettings = {
				ASSETCATALOG_COMPILER_APPICON_NAME = AppIcon;
				CODE_SIGN_STYLE = Automatic;
				DEVELOPMENT_TEAM = T83P3V4T3D;
				INFOPLIST_FILE = SDDrawingBoard/Info.plist;
				LD_RUNPATH_SEARCH_PATHS = (
					"$(inherited)",
					"@executable_path/Frameworks",
				);
				PRODUCT_BUNDLE_IDENTIFIER = com.dong.SDDrawingBoard;
				PRODUCT_NAME = "$(TARGET_NAME)";
				TARGETED_DEVICE_FAMILY = "1,2";
			};
			name = Release;
		};
/* End XCBuildConfiguration section */

/* Begin XCConfigurationList section */
		E13E66B020F43C6D004852A3 /* Build configuration list for PBXProject "SDDrawingBoard" */ = {
			isa = XCConfigurationList;
			buildConfigurations = (
				E13E66C920F43C6F004852A3 /* Debug */,
				E13E66CA20F43C6F004852A3 /* Release */,
			);
			defaultConfigurationIsVisible = 0;
			defaultConfigurationName = Release;
		};
		E13E66CB20F43C6F004852A3 /* Build configuration list for PBXNativeTarget "SDDrawingBoard" */ = {
			isa = XCConfigurationList;
			buildConfigurations = (
				E13E66CC20F43C6F004852A3 /* Debug */,
				E13E66CD20F43C6F004852A3 /* Release */,
			);
			defaultConfigurationIsVisible = 0;
			defaultConfigurationName = Release;
		};
/* End XCConfigurationList section */
	};
	rootObject = E13E66AD20F43C6D004852A3 /* Project object */;
}
